
Microsoft Visual Studio Solution File, Format Version 12.00
# Visual Studio Version 17
VisualStudioVersion = 17.0.31903.59
MinimumVisualStudioVersion = 10.0.40219.1
Project("{9A19103F-16F7-4668-BE54-9A1E7A4F7556}") = "ProductCodeGenerator", "ProductCodeGenarator\ProductCodeGenerator.csproj", "{4068B733-A3AD-4BAC-94BE-D738086184D1}"
EndProject
Project("{9A19103F-16F7-4668-BE54-9A1E7A4F7556}") = "ProductCodeGenerator.Domain", "ProductCodeGenarator.Domain\ProductCodeGenerator.Domain.csproj", "{D2AF289F-3017-427A-B356-B59ABC58660A}"
EndProject
Global
	GlobalSection(SolutionConfigurationPlatforms) = preSolution
		Debug|Any CPU = Debug|Any CPU
		Release|Any CPU = Release|Any CPU
	EndGlobalSection
	GlobalSection(ProjectConfigurationPlatforms) = postSolution
		{4068B733-A3AD-4BAC-94BE-D738086184D1}.Debug|Any CPU.ActiveCfg = Debug|Any CPU
		{4068B733-A3AD-4BAC-94BE-D738086184D1}.Debug|Any CPU.Build.0 = Debug|Any CPU
		{4068B733-A3AD-4BAC-94BE-D738086184D1}.Release|Any CPU.ActiveCfg = Release|Any CPU
		{4068B733-A3AD-4BAC-94BE-D738086184D1}.Release|Any CPU.Build.0 = Release|Any CPU
		{D2AF289F-3017-427A-B356-B59ABC58660A}.Debug|Any CPU.ActiveCfg = Debug|Any CPU
		{D2AF289F-3017-427A-B356-B59ABC58660A}.Debug|Any CPU.Build.0 = Debug|Any CPU
		{D2AF289F-3017-427A-B356-B59ABC58660A}.Release|Any CPU.ActiveCfg = Release|Any CPU
		{D2AF289F-3017-427A-B356-B59ABC58660A}.Release|Any CPU.Build.0 = Release|Any CPU
	EndGlobalSection
	GlobalSection(SolutionProperties) = preSolution
		HideSolutionNode = FALSE
	EndGlobalSection
	GlobalSection(ExtensibilityGlobals) = postSolution
		SolutionGuid = {C534984F-784C-438B-9CFC-A51AB882725D}
	EndGlobalSection
EndGlobal
